
Microsoft Visual Studio Solution File, Format Version 12.00
# Visual Studio Version 16
VisualStudioVersion = 16.0.30517.126
MinimumVisualStudioVersion = 10.0.40219.1
Project("{FAE04EC0-301F-11D3-BF4B-00C04F79EFBC}") = "Withus", "Withus.csproj", "{CE18ED15-46DB-4C6B-85BC-7D4A7EDB2ADA}"
EndProject
Global
	GlobalSection(SolutionConfigurationPlatforms) = preSolution
		Debug|Any CPU = Debug|Any CPU
		Release|Any CPU = Release|Any CPU
	EndGlobalSection
	GlobalSection(ProjectConfigurationPlatforms) = postSolution
		{CE18ED15-46DB-4C6B-85BC-7D4A7EDB2ADA}.Debug|Any CPU.ActiveCfg = Debug|Any CPU
		{CE18ED15-46DB-4C6B-85BC-7D4A7EDB2ADA}.Debug|Any CPU.Build.0 = Debug|Any CPU
		{CE18ED15-46DB-4C6B-85BC-7D4A7EDB2ADA}.Release|Any CPU.ActiveCfg = Release|Any CPU
		{CE18ED15-46DB-4C6B-85BC-7D4A7EDB2ADA}.Release|Any CPU.Build.0 = Release|Any CPU
	EndGlobalSection
	GlobalSection(SolutionProperties) = preSolution
		HideSolutionNode = FALSE
	EndGlobalSection
	GlobalSection(ExtensibilityGlobals) = postSolution
		SolutionGuid = {1D9247CC-123D-45DA-AF1B-BB0574509371}
	EndGlobalSection
EndGlobal
